// !$*UTF8*$!
{
	archiveVersion = 1;
	classes = {
	};
	objectVersion = 50;
	objects = {

/* Begin PBXBuildFile section */
		8F7EB8A82555AA1100B6CB44 /* AppDelegate.swift in Sources */ = {isa = PBXBuildFile; fileRef = 8F7EB8A72555AA1100B6CB44 /* AppDelegate.swift */; };
		8F7EB8AA2555AA1100B6CB44 /* SceneDelegate.swift in Sources */ = {isa = PBXBuildFile; fileRef = 8F7EB8A92555AA1100B6CB44 /* SceneDelegate.swift */; };
		8F7EB8AC2555AA1100B6CB44 /* ViewController.swift in Sources */ = {isa = PBXBuildFile; fileRef = 8F7EB8AB2555AA1100B6CB44 /* ViewController.swift */; };
		8F7EB8AF2555AA1100B6CB44 /* Main.storyboard in Resources */ = {isa = PBXBuildFile; fileRef = 8F7EB8AD2555AA1100B6CB44 /* Main.storyboard */; };
		8F7EB8B12555AA1300B6CB44 /* Assets.xcassets in Resources */ = {isa = PBXBuildFile; fileRef = 8F7EB8B02555AA1300B6CB44 /* Assets.xcassets */; };
		8F7EB8B42555AA1300B6CB44 /* LaunchScreen.storyboard in Resources */ = {isa = PBXBuildFile; fileRef = 8F7EB8B22555AA1300B6CB44 /* LaunchScreen.storyboard */; };
		8F7EB8BF2555AA1400B6CB44 /* ObrioMobileTestTests.swift in Sources */ = {isa = PBXBuildFile; fileRef = 8F7EB8BE2555AA1400B6CB44 /* ObrioMobileTestTests.swift */; };
		8F7EB8CA2555AA1400B6CB44 /* ObrioMobileTestUITests.swift in Sources */ = {isa = PBXBuildFile; fileRef = 8F7EB8C92555AA1400B6CB44 /* ObrioMobileTestUITests.swift */; };
		D7490645ABE77C4583411404 /* Pods_ObrioMobileTest.framework in Frameworks */ = {isa = PBXBuildFile; fileRef = CD11E24AF1EBBB12B01AFCD9 /* Pods_ObrioMobileTest.framework */; };
/* End PBXBuildFile section */

/* Begin PBXContainerItemProxy section */
		8F7EB8BB2555AA1400B6CB44 /* PBXContainerItemProxy */ = {
			isa = PBXContainerItemProxy;
			containerPortal = 8F7EB89C2555AA1100B6CB44 /* Project object */;
			proxyType = 1;
			remoteGlobalIDString = 8F7EB8A32555AA1100B6CB44;
			remoteInfo = ObrioMobileTest;
		};
		8F7EB8C62555AA1400B6CB44 /* PBXContainerItemProxy */ = {
			isa = PBXContainerItemProxy;
			containerPortal = 8F7EB89C2555AA1100B6CB44 /* Project object */;
			proxyType = 1;
			remoteGlobalIDString = 8F7EB8A32555AA1100B6CB44;
			remoteInfo = ObrioMobileTest;
		};
/* End PBXContainerItemProxy section */

/* Begin PBXFileReference section */
		55A462DC2BE5367331B19157 /* Pods-ObrioMobileTest.debug.xcconfig */ = {isa = PBXFileReference; includeInIndex = 1; lastKnownFileType = text.xcconfig; name = "Pods-ObrioMobileTest.debug.xcconfig"; path = "Target Support Files/Pods-ObrioMobileTest/Pods-ObrioMobileTest.debug.xcconfig"; sourceTree = "<group>"; };
		8F7EB8A42555AA1100B6CB44 /* ObrioMobileTest.app */ = {isa = PBXFileReference; explicitFileType = wrapper.application; includeInIndex = 0; path = ObrioMobileTest.app; sourceTree = BUILT_PRODUCTS_DIR; };
		8F7EB8A72555AA1100B6CB44 /* AppDelegate.swift */ = {isa = PBXFileReference; lastKnownFileType = sourcecode.swift; path = AppDelegate.swift; sourceTree = "<group>"; };
		8F7EB8A92555AA1100B6CB44 /* SceneDelegate.swift */ = {isa = PBXFileReference; lastKnownFileType = sourcecode.swift; path = SceneDelegate.swift; sourceTree = "<group>"; };
		8F7EB8AB2555AA1100B6CB44 /* ViewController.swift */ = {isa = PBXFileReference; lastKnownFileType = sourcecode.swift; path = ViewController.swift; sourceTree = "<group>"; };
		8F7EB8AE2555AA1100B6CB44 /* Base */ = {isa = PBXFileReference; lastKnownFileType = file.storyboard; name = Base; path = Base.lproj/Main.storyboard; sourceTree = "<group>"; };
		8F7EB8B02555AA1300B6CB44 /* Assets.xcassets */ = {isa = PBXFileReference; lastKnownFileType = folder.assetcatalog; path = Assets.xcassets; sourceTree = "<group>"; };
		8F7EB8B32555AA1300B6CB44 /* Base */ = {isa = PBXFileReference; lastKnownFileType = file.storyboard; name = Base; path = Base.lproj/LaunchScreen.storyboard; sourceTree = "<group>"; };
		8F7EB8B52555AA1300B6CB44 /* Info.plist */ = {isa = PBXFileReference; lastKnownFileType = text.plist.xml; path = Info.plist; sourceTree = "<group>"; };
		8F7EB8BA2555AA1400B6CB44 /* ObrioMobileTestTests.xctest */ = {isa = PBXFileReference; explicitFileType = wrapper.cfbundle; includeInIndex = 0; path = ObrioMobileTestTests.xctest; sourceTree = BUILT_PRODUCTS_DIR; };
		8F7EB8BE2555AA1400B6CB44 /* ObrioMobileTestTests.swift */ = {isa = PBXFileReference; lastKnownFileType = sourcecode.swift; path = ObrioMobileTestTests.swift; sourceTree = "<group>"; };
		8F7EB8C02555AA1400B6CB44 /* Info.plist */ = {isa = PBXFileReference; lastKnownFileType = text.plist.xml; path = Info.plist; sourceTree = "<group>"; };
		8F7EB8C52555AA1400B6CB44 /* ObrioMobileTestUITests.xctest */ = {isa = PBXFileReference; explicitFileType = wrapper.cfbundle; includeInIndex = 0; path = ObrioMobileTestUITests.xctest; sourceTree = BUILT_PRODUCTS_DIR; };
		8F7EB8C92555AA1400B6CB44 /* ObrioMobileTestUITests.swift */ = {isa = PBXFileReference; lastKnownFileType = sourcecode.swift; path = ObrioMobileTestUITests.swift; sourceTree = "<group>"; };
		8F7EB8CB2555AA1400B6CB44 /* Info.plist */ = {isa = PBXFileReference; lastKnownFileType = text.plist.xml; path = Info.plist; sourceTree = "<group>"; };
		908E82C57DF673108C2D30EB /* Pods-ObrioMobileTest.release.xcconfig */ = {isa = PBXFileReference; includeInIndex = 1; lastKnownFileType = text.xcconfig; name = "Pods-ObrioMobileTest.release.xcconfig"; path = "Target Support Files/Pods-ObrioMobileTest/Pods-ObrioMobileTest.release.xcconfig"; sourceTree = "<group>"; };
		CD11E24AF1EBBB12B01AFCD9 /* Pods_ObrioMobileTest.framework */ = {isa = PBXFileReference; explicitFileType = wrapper.framework; includeInIndex = 0; path = Pods_ObrioMobileTest.framework; sourceTree = BUILT_PRODUCTS_DIR; };
/* End PBXFileReference section */

/* Begin PBXFrameworksBuildPhase section */
		8F7EB8A12555AA1100B6CB44 /* Frameworks */ = {
			isa = PBXFrameworksBuildPhase;
			buildActionMask = 2147483647;
			files = (
				D7490645ABE77C4583411404 /* Pods_ObrioMobileTest.framework in Frameworks */,
			);
			runOnlyForDeploymentPostprocessing = 0;
		};
		8F7EB8B72555AA1400B6CB44 /* Frameworks */ = {
			isa = PBXFrameworksBuildPhase;
			buildActionMask = 2147483647;
			files = (
			);
			runOnlyForDeploymentPostprocessing = 0;
		};
		8F7EB8C22555AA1400B6CB44 /* Frameworks */ = {
			isa = PBXFrameworksBuildPhase;
			buildActionMask = 2147483647;
			files = (
			);
			runOnlyForDeploymentPostprocessing = 0;
		};
/* End PBXFrameworksBuildPhase section */

/* Begin PBXGroup section */
		60C1834913BA03576FD7D8E1 /* Pods */ = {
			isa = PBXGroup;
			children = (
				55A462DC2BE5367331B19157 /* Pods-ObrioMobileTest.debug.xcconfig */,
				908E82C57DF673108C2D30EB /* Pods-ObrioMobileTest.release.xcconfig */,
			);
			name = Pods;
			path = Pods;
			sourceTree = "<group>";
		};
		8864775FA356870D4CE44F4F /* Frameworks */ = {
			isa = PBXGroup;
			children = (
				CD11E24AF1EBBB12B01AFCD9 /* Pods_ObrioMobileTest.framework */,
			);
			name = Frameworks;
			sourceTree = "<group>";
		};
		8F7EB89B2555AA1100B6CB44 = {
			isa = PBXGroup;
			children = (
				8F7EB8A62555AA1100B6CB44 /* ObrioMobileTest */,
				8F7EB8BD2555AA1400B6CB44 /* ObrioMobileTestTests */,
				8F7EB8C82555AA1400B6CB44 /* ObrioMobileTestUITests */,
				8F7EB8A52555AA1100B6CB44 /* Products */,
				60C1834913BA03576FD7D8E1 /* Pods */,
				8864775FA356870D4CE44F4F /* Frameworks */,
			);
			sourceTree = "<group>";
		};
		8F7EB8A52555AA1100B6CB44 /* Products */ = {
			isa = PBXGroup;
			children = (
				8F7EB8A42555AA1100B6CB44 /* ObrioMobileTest.app */,
				8F7EB8BA2555AA1400B6CB44 /* ObrioMobileTestTests.xctest */,
				8F7EB8C52555AA1400B6CB44 /* ObrioMobileTestUITests.xctest */,
			);
			name = Products;
			sourceTree = "<group>";
		};
		8F7EB8A62555AA1100B6CB44 /* ObrioMobileTest */ = {
			isa = PBXGroup;
			children = (
				8F7EB8A72555AA1100B6CB44 /* AppDelegate.swift */,
				8F7EB8A92555AA1100B6CB44 /* SceneDelegate.swift */,
				8F7EB8AB2555AA1100B6CB44 /* ViewController.swift */,
				8F7EB8AD2555AA1100B6CB44 /* Main.storyboard */,
				8F7EB8B02555AA1300B6CB44 /* Assets.xcassets */,
				8F7EB8B22555AA1300B6CB44 /* LaunchScreen.storyboard */,
				8F7EB8B52555AA1300B6CB44 /* Info.plist */,
			);
			path = ObrioMobileTest;
			sourceTree = "<group>";
		};
		8F7EB8BD2555AA1400B6CB44 /* ObrioMobileTestTests */ = {
			isa = PBXGroup;
			children = (
				8F7EB8BE2555AA1400B6CB44 /* ObrioMobileTestTests.swift */,
				8F7EB8C02555AA1400B6CB44 /* Info.plist */,
			);
			path = ObrioMobileTestTests;
			sourceTree = "<group>";
		};
		8F7EB8C82555AA1400B6CB44 /* ObrioMobileTestUITests */ = {
			isa = PBXGroup;
			children = (
				8F7EB8C92555AA1400B6CB44 /* ObrioMobileTestUITests.swift */,
				8F7EB8CB2555AA1400B6CB44 /* Info.plist */,
			);
			path = ObrioMobileTestUITests;
			sourceTree = "<group>";
		};
/* End PBXGroup section */

/* Begin PBXNativeTarget section */
		8F7EB8A32555AA1100B6CB44 /* ObrioMobileTest */ = {
			isa = PBXNativeTarget;
			buildConfigurationList = 8F7EB8CE2555AA1400B6CB44 /* Build configuration list for PBXNativeTarget "ObrioMobileTest" */;
			buildPhases = (
				7ED1CCCBC7B20BFBA20C3614 /* [CP] Check Pods Manifest.lock */,
				8F7EB8A02555AA1100B6CB44 /* Sources */,
				8F7EB8A12555AA1100B6CB44 /* Frameworks */,
				8F7EB8A22555AA1100B6CB44 /* Resources */,
				721A0078CE3CF58F4DFBD446 /* [CP] Embed Pods Frameworks */,
			);
			buildRules = (
			);
			dependencies = (
			);
			name = ObrioMobileTest;
			productName = ObrioMobileTest;
			productReference = 8F7EB8A42555AA1100B6CB44 /* ObrioMobileTest.app */;
			productType = "com.apple.product-type.application";
		};
		8F7EB8B92555AA1400B6CB44 /* ObrioMobileTestTests */ = {
			isa = PBXNativeTarget;
			buildConfigurationList = 8F7EB8D12555AA1400B6CB44 /* Build configuration list for PBXNativeTarget "ObrioMobileTestTests" */;
			buildPhases = (
				8F7EB8B62555AA1400B6CB44 /* Sources */,
				8F7EB8B72555AA1400B6CB44 /* Frameworks */,
				8F7EB8B82555AA1400B6CB44 /* Resources */,
			);
			buildRules = (
			);
			dependencies = (
				8F7EB8BC2555AA1400B6CB44 /* PBXTargetDependency */,
			);
			name = ObrioMobileTestTests;
			productName = ObrioMobileTestTests;
			productReference = 8F7EB8BA2555AA1400B6CB44 /* ObrioMobileTestTests.xctest */;
			productType = "com.apple.product-type.bundle.unit-test";
		};
		8F7EB8C42555AA1400B6CB44 /* ObrioMobileTestUITests */ = {
			isa = PBXNativeTarget;
			buildConfigurationList = 8F7EB8D42555AA1400B6CB44 /* Build configuration list for PBXNativeTarget "ObrioMobileTestUITests" */;
			buildPhases = (
				8F7EB8C12555AA1400B6CB44 /* Sources */,
				8F7EB8C22555AA1400B6CB44 /* Frameworks */,
				8F7EB8C32555AA1400B6CB44 /* Resources */,
			);
			buildRules = (
			);
			dependencies = (
				8F7EB8C72555AA1400B6CB44 /* PBXTargetDependency */,
			);
			name = ObrioMobileTestUITests;
			productName = ObrioMobileTestUITests;
			productReference = 8F7EB8C52555AA1400B6CB44 /* ObrioMobileTestUITests.xctest */;
			productType = "com.apple.product-type.bundle.ui-testing";
		};
/* End PBXNativeTarget section */

/* Begin PBXProject section */
		8F7EB89C2555AA1100B6CB44 /* Project object */ = {
			isa = PBXProject;
			attributes = {
				LastSwiftUpdateCheck = 1200;
				LastUpgradeCheck = 1200;
				TargetAttributes = {
					8F7EB8A32555AA1100B6CB44 = {
						CreatedOnToolsVersion = 12.0.1;
					};
					8F7EB8B92555AA1400B6CB44 = {
						CreatedOnToolsVersion = 12.0.1;
						TestTargetID = 8F7EB8A32555AA1100B6CB44;
					};
					8F7EB8C42555AA1400B6CB44 = {
						CreatedOnToolsVersion = 12.0.1;
						TestTargetID = 8F7EB8A32555AA1100B6CB44;
					};
				};
			};
			buildConfigurationList = 8F7EB89F2555AA1100B6CB44 /* Build configuration list for PBXProject "ObrioMobileTest" */;
			compatibilityVersion = "Xcode 9.3";
			developmentRegion = en;
			hasScannedForEncodings = 0;
			knownRegions = (
				en,
				Base,
			);
			mainGroup = 8F7EB89B2555AA1100B6CB44;
			productRefGroup = 8F7EB8A52555AA1100B6CB44 /* Products */;
			projectDirPath = "";
			projectRoot = "";
			targets = (
				8F7EB8A32555AA1100B6CB44 /* ObrioMobileTest */,
				8F7EB8B92555AA1400B6CB44 /* ObrioMobileTestTests */,
				8F7EB8C42555AA1400B6CB44 /* ObrioMobileTestUITests */,
			);
		};
/* End PBXProject section */

/* Begin PBXResourcesBuildPhase section */
		8F7EB8A22555AA1100B6CB44 /* Resources */ = {
			isa = PBXResourcesBuildPhase;
			buildActionMask = 2147483647;
			files = (
				8F7EB8B42555AA1300B6CB44 /* LaunchScreen.storyboard in Resources */,
				8F7EB8B12555AA1300B6CB44 /* Assets.xcassets in Resources */,
				8F7EB8AF2555AA1100B6CB44 /* Main.storyboard in Resources */,
			);
			runOnlyForDeploymentPostprocessing = 0;
		};
		8F7EB8B82555AA1400B6CB44 /* Resources */ = {
			isa = PBXResourcesBuildPhase;
			buildActionMask = 2147483647;
			files = (
			);
			runOnlyForDeploymentPostprocessing = 0;
		};
		8F7EB8C32555AA1400B6CB44 /* Resources */ = {
			isa = PBXResourcesBuildPhase;
			buildActionMask = 2147483647;
			files = (
			);
			runOnlyForDeploymentPostprocessing = 0;
		};
/* End PBXResourcesBuildPhase section */

/* Begin PBXShellScriptBuildPhase section */
		721A0078CE3CF58F4DFBD446 /* [CP] Embed Pods Frameworks */ = {
			isa = PBXShellScriptBuildPhase;
			buildActionMask = 2147483647;
			files = (
			);
			inputFileListPaths = (
				"${PODS_ROOT}/Target Support Files/Pods-ObrioMobileTest/Pods-ObrioMobileTest-frameworks-${CONFIGURATION}-input-files.xcfilelist",
			);
			name = "[CP] Embed Pods Frameworks";
			outputFileListPaths = (
				"${PODS_ROOT}/Target Support Files/Pods-ObrioMobileTest/Pods-ObrioMobileTest-frameworks-${CONFIGURATION}-output-files.xcfilelist",
			);
			runOnlyForDeploymentPostprocessing = 0;
			shellPath = /bin/sh;
			shellScript = "\"${PODS_ROOT}/Target Support Files/Pods-ObrioMobileTest/Pods-ObrioMobileTest-frameworks.sh\"\n";
			showEnvVarsInLog = 0;
		};
		7ED1CCCBC7B20BFBA20C3614 /* [CP] Check Pods Manifest.lock */ = {
			isa = PBXShellScriptBuildPhase;
			buildActionMask = 2147483647;
			files = (
			);
			inputFileListPaths = (
			);
			inputPaths = (
				"${PODS_PODFILE_DIR_PATH}/Podfile.lock",
				"${PODS_ROOT}/Manifest.lock",
			);
			name = "[CP] Check Pods Manifest.lock";
			outputFileListPaths = (
			);
			outputPaths = (
				"$(DERIVED_FILE_DIR)/Pods-ObrioMobileTest-checkManifestLockResult.txt",
			);
			runOnlyForDeploymentPostprocessing = 0;
			shellPath = /bin/sh;
			shellScript = "diff \"${PODS_PODFILE_DIR_PATH}/Podfile.lock\" \"${PODS_ROOT}/Manifest.lock\" > /dev/null\nif [ $? != 0 ] ; then\n    # print error to STDERR\n    echo \"error: The sandbox is not in sync with the Podfile.lock. Run 'pod install' or update your CocoaPods installation.\" >&2\n    exit 1\nfi\n# This output is used by Xcode 'outputs' to avoid re-running this script phase.\necho \"SUCCESS\" > \"${SCRIPT_OUTPUT_FILE_0}\"\n";
			showEnvVarsInLog = 0;
		};
/* End PBXShellScriptBuildPhase section */

/* Begin PBXSourcesBuildPhase section */
		8F7EB8A02555AA1100B6CB44 /* Sources */ = {
			isa = PBXSourcesBuildPhase;
			buildActionMask = 2147483647;
			files = (
				8F7EB8AC2555AA1100B6CB44 /* ViewController.swift in Sources */,
				8F7EB8A82555AA1100B6CB44 /* AppDelegate.swift in Sources */,
				8F7EB8AA2555AA1100B6CB44 /* SceneDelegate.swift in Sources */,
			);
			runOnlyForDeploymentPostprocessing = 0;
		};
		8F7EB8B62555AA1400B6CB44 /* Sources */ = {
			isa = PBXSourcesBuildPhase;
			buildActionMask = 2147483647;
			files = (
				8F7EB8BF2555AA1400B6CB44 /* ObrioMobileTestTests.swift in Sources */,
			);
			runOnlyForDeploymentPostprocessing = 0;
		};
		8F7EB8C12555AA1400B6CB44 /* Sources */ = {
			isa = PBXSourcesBuildPhase;
			buildActionMask = 2147483647;
			files = (
				8F7EB8CA2555AA1400B6CB44 /* ObrioMobileTestUITests.swift in Sources */,
			);
			runOnlyForDeploymentPostprocessing = 0;
		};
/* End PBXSourcesBuildPhase section */

/* Begin PBXTargetDependency section */
		8F7EB8BC2555AA1400B6CB44 /* PBXTargetDependency */ = {
			isa = PBXTargetDependency;
			target = 8F7EB8A32555AA1100B6CB44 /* ObrioMobileTest */;
			targetProxy = 8F7EB8BB2555AA1400B6CB44 /* PBXContainerItemProxy */;
		};
		8F7EB8C72555AA1400B6CB44 /* PBXTargetDependency */ = {
			isa = PBXTargetDependency;
			target = 8F7EB8A32555AA1100B6CB44 /* ObrioMobileTest */;
			targetProxy = 8F7EB8C62555AA1400B6CB44 /* PBXContainerItemProxy */;
		};
/* End PBXTargetDependency section */

/* Begin PBXVariantGroup section */
		8F7EB8AD2555AA1100B6CB44 /* Main.storyboard */ = {
			isa = PBXVariantGroup;
			children = (
				8F7EB8AE2555AA1100B6CB44 /* Base */,
			);
			name = Main.storyboard;
			sourceTree = "<group>";
		};
		8F7EB8B22555AA1300B6CB44 /* LaunchScreen.storyboard */ = {
			isa = PBXVariantGroup;
			children = (
				8F7EB8B32555AA1300B6CB44 /* Base */,
			);
			name = LaunchScreen.storyboard;
			sourceTree = "<group>";
		};
/* End PBXVariantGroup section */

/* Begin XCBuildConfiguration section */
		8F7EB8CC2555AA1400B6CB44 /* Debug */ = {
			isa = XCBuildConfiguration;
			buildSettings = {
				ALWAYS_SEARCH_USER_PATHS = NO;
				CLANG_ANALYZER_NONNULL = YES;
				CLANG_ANALYZER_NUMBER_OBJECT_CONVERSION = YES_AGGRESSIVE;
				CLANG_CXX_LANGUAGE_STANDARD = "gnu++14";
				CLANG_CXX_LIBRARY = "libc++";
				CLANG_ENABLE_MODULES = YES;
				CLANG_ENABLE_OBJC_ARC = YES;
				CLANG_ENABLE_OBJC_WEAK = YES;
				CLANG_WARN_BLOCK_CAPTURE_AUTORELEASING = YES;
				CLANG_WARN_BOOL_CONVERSION = YES;
				CLANG_WARN_COMMA = YES;
				CLANG_WARN_CONSTANT_CONVERSION = YES;
				CLANG_WARN_DEPRECATED_OBJC_IMPLEMENTATIONS = YES;
				CLANG_WARN_DIRECT_OBJC_ISA_USAGE = YES_ERROR;
				CLANG_WARN_DOCUMENTATION_COMMENTS = YES;
				CLANG_WARN_EMPTY_BODY = YES;
				CLANG_WARN_ENUM_CONVERSION = YES;
				CLANG_WARN_INFINITE_RECURSION = YES;
				CLANG_WARN_INT_CONVERSION = YES;
				CLANG_WARN_NON_LITERAL_NULL_CONVERSION = YES;
				CLANG_WARN_OBJC_IMPLICIT_RETAIN_SELF = YES;
				CLANG_WARN_OBJC_LITERAL_CONVERSION = YES;
				CLANG_WARN_OBJC_ROOT_CLASS = YES_ERROR;
				CLANG_WARN_QUOTED_INCLUDE_IN_FRAMEWORK_HEADER = YES;
				CLANG_WARN_RANGE_LOOP_ANALYSIS = YES;
				CLANG_WARN_STRICT_PROTOTYPES = YES;
				CLANG_WARN_SUSPICIOUS_MOVE = YES;
				CLANG_WARN_UNGUARDED_AVAILABILITY = YES_AGGRESSIVE;
				CLANG_WARN_UNREACHABLE_CODE = YES;
				CLANG_WARN__DUPLICATE_METHOD_MATCH = YES;
				COPY_PHASE_STRIP = NO;
				DEBUG_INFORMATION_FORMAT = dwarf;
				ENABLE_STRICT_OBJC_MSGSEND = YES;
				ENABLE_TESTABILITY = YES;
				GCC_C_LANGUAGE_STANDARD = gnu11;
				GCC_DYNAMIC_NO_PIC = NO;
				GCC_NO_COMMON_BLOCKS = YES;
				GCC_OPTIMIZATION_LEVEL = 0;
				GCC_PREPROCESSOR_DEFINITIONS = (
					"DEBUG=1",
					"$(inherited)",
				);
				GCC_WARN_64_TO_32_BIT_CONVERSION = YES;
				GCC_WARN_ABOUT_RETURN_TYPE = YES_ERROR;
				GCC_WARN_UNDECLARED_SELECTOR = YES;
				GCC_WARN_UNINITIALIZED_AUTOS = YES_AGGRESSIVE;
				GCC_WARN_UNUSED_FUNCTION = YES;
				GCC_WARN_UNUSED_VARIABLE = YES;
				IPHONEOS_DEPLOYMENT_TARGET = 14.0;
				MTL_ENABLE_DEBUG_INFO = INCLUDE_SOURCE;
				MTL_FAST_MATH = YES;
				ONLY_ACTIVE_ARCH = YES;
				SDKROOT = iphoneos;
				SWIFT_ACTIVE_COMPILATION_CONDITIONS = DEBUG;
				SWIFT_OPTIMIZATION_LEVEL = "-Onone";
			};
			name = Debug;
		};
		8F7EB8CD2555AA1400B6CB44 /* Release */ = {
			isa = XCBuildConfiguration;
			buildSettings = {
				ALWAYS_SEARCH_USER_PATHS = NO;
				CLANG_ANALYZER_NONNULL = YES;
				CLANG_ANALYZER_NUMBER_OBJECT_CONVERSION = YES_AGGRESSIVE;
				CLANG_CXX_LANGUAGE_STANDARD = "gnu++14";
				CLANG_CXX_LIBRARY = "libc++";
				CLANG_ENABLE_MODULES = YES;
				CLANG_ENABLE_OBJC_ARC = YES;
				CLANG_ENABLE_OBJC_WEAK = YES;
				CLANG_WARN_BLOCK_CAPTURE_AUTORELEASING = YES;
				CLANG_WARN_BOOL_CONVERSION = YES;
				CLANG_WARN_COMMA = YES;
				CLANG_WARN_CONSTANT_CONVERSION = YES;
				CLANG_WARN_DEPRECATED_OBJC_IMPLEMENTATIONS = YES;
				CLANG_WARN_DIRECT_OBJC_ISA_USAGE = YES_ERROR;
				CLANG_WARN_DOCUMENTATION_COMMENTS = YES;
				CLANG_WARN_EMPTY_BODY = YES;
				CLANG_WARN_ENUM_CONVERSION = YES;
				CLANG_WARN_INFINITE_RECURSION = YES;
				CLANG_WARN_INT_CONVERSION = YES;
				CLANG_WARN_NON_LITERAL_NULL_CONVERSION = YES;
				CLANG_WARN_OBJC_IMPLICIT_RETAIN_SELF = YES;
				CLANG_WARN_OBJC_LITERAL_CONVERSION = YES;
				CLANG_WARN_OBJC_ROOT_CLASS = YES_ERROR;
				CLANG_WARN_QUOTED_INCLUDE_IN_FRAMEWORK_HEADER = YES;
				CLANG_WARN_RANGE_LOOP_ANALYSIS = YES;
				CLANG_WARN_STRICT_PROTOTYPES = YES;
				CLANG_WARN_SUSPICIOUS_MOVE = YES;
				CLANG_WARN_UNGUARDED_AVAILABILITY = YES_AGGRESSIVE;
				CLANG_WARN_UNREACHABLE_CODE = YES;
				CLANG_WARN__DUPLICATE_METHOD_MATCH = YES;
				COPY_PHASE_STRIP = NO;
				DEBUG_INFORMATION_FORMAT = "dwarf-with-dsym";
				ENABLE_NS_ASSERTIONS = NO;
				ENABLE_STRICT_OBJC_MSGSEND = YES;
				GCC_C_LANGUAGE_STANDARD = gnu11;
				GCC_NO_COMMON_BLOCKS = YES;
				GCC_WARN_64_TO_32_BIT_CONVERSION = YES;
				GCC_WARN_ABOUT_RETURN_TYPE = YES_ERROR;
				GCC_WARN_UNDECLARED_SELECTOR = YES;
				GCC_WARN_UNINITIALIZED_AUTOS = YES_AGGRESSIVE;
				GCC_WARN_UNUSED_FUNCTION = YES;
				GCC_WARN_UNUSED_VARIABLE = YES;
				IPHONEOS_DEPLOYMENT_TARGET = 14.0;
				MTL_ENABLE_DEBUG_INFO = NO;
				MTL_FAST_MATH = YES;
				SDKROOT = iphoneos;
				SWIFT_COMPILATION_MODE = wholemodule;
				SWIFT_OPTIMIZATION_LEVEL = "-O";
				VALIDATE_PRODUCT = YES;
			};
			name = Release;
		};
		8F7EB8CF2555AA1400B6CB44 /* Debug */ = {
			isa = XCBuildConfiguration;
			baseConfigurationReference = 55A462DC2BE5367331B19157 /* Pods-ObrioMobileTest.debug.xcconfig */;
			buildSettings = {
				ASSETCATALOG_COMPILER_APPICON_NAME = AppIcon;
				ASSETCATALOG_COMPILER_GLOBAL_ACCENT_COLOR_NAME = AccentColor;
				CODE_SIGN_STYLE = Automatic;
				DEVELOPMENT_TEAM = 7C8K3NAH2H;
				INFOPLIST_FILE = ObrioMobileTest/Info.plist;
				LD_RUNPATH_SEARCH_PATHS = (
					"$(inherited)",
					"@executable_path/Frameworks",
				);
				PRODUCT_BUNDLE_IDENTIFIER = sergemi.ObrioMobileTest;
				PRODUCT_NAME = "$(TARGET_NAME)";
				SWIFT_VERSION = 5.0;
				TARGETED_DEVICE_FAMILY = "1,2";
			};
			name = Debug;
		};
		8F7EB8D02555AA1400B6CB44 /* Release */ = {
			isa = XCBuildConfiguration;
			baseConfigurationReference = 908E82C57DF673108C2D30EB /* Pods-ObrioMobileTest.release.xcconfig */;
			buildSettings = {
				ASSETCATALOG_COMPILER_APPICON_NAME = AppIcon;
				ASSETCATALOG_COMPILER_GLOBAL_ACCENT_COLOR_NAME = AccentColor;
				CODE_SIGN_STYLE = Automatic;
				DEVELOPMENT_TEAM = 7C8K3NAH2H;
				INFOPLIST_FILE = ObrioMobileTest/Info.plist;
				LD_RUNPATH_SEARCH_PATHS = (
					"$(inherited)",
					"@executable_path/Frameworks",
				);
				PRODUCT_BUNDLE_IDENTIFIER = sergemi.ObrioMobileTest;
				PRODUCT_NAME = "$(TARGET_NAME)";
				SWIFT_VERSION = 5.0;
				TARGETED_DEVICE_FAMILY = "1,2";
			};
			name = Release;
		};
		8F7EB8D22555AA1400B6CB44 /* Debug */ = {
			isa = XCBuildConfiguration;
			buildSettings = {
				ALWAYS_EMBED_SWIFT_STANDARD_LIBRARIES = YES;
				BUNDLE_LOADER = "$(TEST_HOST)";
				CODE_SIGN_STYLE = Automatic;
				DEVELOPMENT_TEAM = 7C8K3NAH2H;
				INFOPLIST_FILE = ObrioMobileTestTests/Info.plist;
				IPHONEOS_DEPLOYMENT_TARGET = 14.0;
				LD_RUNPATH_SEARCH_PATHS = (
					"$(inherited)",
					"@executable_path/Frameworks",
					"@loader_path/Frameworks",
				);
				PRODUCT_BUNDLE_IDENTIFIER = sergemi.ObrioMobileTestTests;
				PRODUCT_NAME = "$(TARGET_NAME)";
				SWIFT_VERSION = 5.0;
				TARGETED_DEVICE_FAMILY = "1,2";
				TEST_HOST = "$(BUILT_PRODUCTS_DIR)/ObrioMobileTest.app/ObrioMobileTest";
			};
			name = Debug;
		};
		8F7EB8D32555AA1400B6CB44 /* Release */ = {
			isa = XCBuildConfiguration;
			buildSettings = {
				ALWAYS_EMBED_SWIFT_STANDARD_LIBRARIES = YES;
				BUNDLE_LOADER = "$(TEST_HOST)";
				CODE_SIGN_STYLE = Automatic;
				DEVELOPMENT_TEAM = 7C8K3NAH2H;
				INFOPLIST_FILE = ObrioMobileTestTests/Info.plist;
				IPHONEOS_DEPLOYMENT_TARGET = 14.0;
				LD_RUNPATH_SEARCH_PATHS = (
					"$(inherited)",
					"@executable_path/Frameworks",
					"@loader_path/Frameworks",
				);
				PRODUCT_BUNDLE_IDENTIFIER = sergemi.ObrioMobileTestTests;
				PRODUCT_NAME = "$(TARGET_NAME)";
				SWIFT_VERSION = 5.0;
				TARGETED_DEVICE_FAMILY = "1,2";
				TEST_HOST = "$(BUILT_PRODUCTS_DIR)/ObrioMobileTest.app/ObrioMobileTest";
			};
			name = Release;
		};
		8F7EB8D52555AA1400B6CB44 /* Debug */ = {
			isa = XCBuildConfiguration;
			buildSettings = {
				ALWAYS_EMBED_SWIFT_STANDARD_LIBRARIES = YES;
				CODE_SIGN_STYLE = Automatic;
				DEVELOPMENT_TEAM = 7C8K3NAH2H;
				INFOPLIST_FILE = ObrioMobileTestUITests/Info.plist;
				LD_RUNPATH_SEARCH_PATHS = (
					"$(inherited)",
					"@executable_path/Frameworks",
					"@loader_path/Frameworks",
				);
				PRODUCT_BUNDLE_IDENTIFIER = sergemi.ObrioMobileTestUITests;
				PRODUCT_NAME = "$(TARGET_NAME)";
				SWIFT_VERSION = 5.0;
				TARGETED_DEVICE_FAMILY = "1,2";
				TEST_TARGET_NAME = ObrioMobileTest;
			};
			name = Debug;
		};
		8F7EB8D62555AA1400B6CB44 /* Release */ = {
			isa = XCBuildConfiguration;
			buildSettings = {
				ALWAYS_EMBED_SWIFT_STANDARD_LIBRARIES = YES;
				CODE_SIGN_STYLE = Automatic;
				DEVELOPMENT_TEAM = 7C8K3NAH2H;
				INFOPLIST_FILE = ObrioMobileTestUITests/Info.plist;
				LD_RUNPATH_SEARCH_PATHS = (
					"$(inherited)",
					"@executable_path/Frameworks",
					"@loader_path/Frameworks",
				);
				PRODUCT_BUNDLE_IDENTIFIER = sergemi.ObrioMobileTestUITests;
				PRODUCT_NAME = "$(TARGET_NAME)";
				SWIFT_VERSION = 5.0;
				TARGETED_DEVICE_FAMILY = "1,2";
				TEST_TARGET_NAME = ObrioMobileTest;
			};
			name = Release;
		};
/* End XCBuildConfiguration section */

/* Begin XCConfigurationList section */
		8F7EB89F2555AA1100B6CB44 /* Build configuration list for PBXProject "ObrioMobileTest" */ = {
			isa = XCConfigurationList;
			buildConfigurations = (
				8F7EB8CC2555AA1400B6CB44 /* Debug */,
				8F7EB8CD2555AA1400B6CB44 /* Release */,
			);
			defaultConfigurationIsVisible = 0;
			defaultConfigurationName = Release;
		};
		8F7EB8CE2555AA1400B6CB44 /* Build configuration list for PBXNativeTarget "ObrioMobileTest" */ = {
			isa = XCConfigurationList;
			buildConfigurations = (
				8F7EB8CF2555AA1400B6CB44 /* Debug */,
				8F7EB8D02555AA1400B6CB44 /* Release */,
			);
			defaultConfigurationIsVisible = 0;
			defaultConfigurationName = Release;
		};
		8F7EB8D12555AA1400B6CB44 /* Build configuration list for PBXNativeTarget "ObrioMobileTestTests" */ = {
			isa = XCConfigurationList;
			buildConfigurations = (
				8F7EB8D22555AA1400B6CB44 /* Debug */,
				8F7EB8D32555AA1400B6CB44 /* Release */,
			);
			defaultConfigurationIsVisible = 0;
			defaultConfigurationName = Release;
		};
		8F7EB8D42555AA1400B6CB44 /* Build configuration list for PBXNativeTarget "ObrioMobileTestUITests" */ = {
			isa = XCConfigurationList;
			buildConfigurations = (
				8F7EB8D52555AA1400B6CB44 /* Debug */,
				8F7EB8D62555AA1400B6CB44 /* Release */,
			);
			defaultConfigurationIsVisible = 0;
			defaultConfigurationName = Release;
		};
/* End XCConfigurationList section */
	};
	rootObject = 8F7EB89C2555AA1100B6CB44 /* Project object */;
}
